
Microsoft Visual Studio Solution File, Format Version 12.00
# Visual Studio Version 17
VisualStudioVersion = 17.11.35312.102
MinimumVisualStudioVersion = 10.0.40219.1
Project("{FAE04EC0-301F-11D3-BF4B-00C04F79EFBC}") = "StudentPortal.Web", "StudentPortal.Web\StudentPortal.Web.csproj", "{1BEDF0B8-F4A8-4641-A094-B08612AB4150}"
EndProject
Global
	GlobalSection(SolutionConfigurationPlatforms) = preSolution
		Debug|Any CPU = Debug|Any CPU
		Release|Any CPU = Release|Any CPU
	EndGlobalSection
	GlobalSection(ProjectConfigurationPlatforms) = postSolution
		{1BEDF0B8-F4A8-4641-A094-B08612AB4150}.Debug|Any CPU.ActiveCfg = Debug|Any CPU
		{1BEDF0B8-F4A8-4641-A094-B08612AB4150}.Debug|Any CPU.Build.0 = Debug|Any CPU
		{1BEDF0B8-F4A8-4641-A094-B08612AB4150}.Release|Any CPU.ActiveCfg = Release|Any CPU
		{1BEDF0B8-F4A8-4641-A094-B08612AB4150}.Release|Any CPU.Build.0 = Release|Any CPU
	EndGlobalSection
	GlobalSection(SolutionProperties) = preSolution
		HideSolutionNode = FALSE
	EndGlobalSection
	GlobalSection(ExtensibilityGlobals) = postSolution
		SolutionGuid = {243CC176-800F-435C-8C19-C301C0854592}
	EndGlobalSection
EndGlobal
